
Microsoft Visual Studio Solution File, Format Version 12.00
# Visual Studio Version 17
VisualStudioVersion = 17.5.33502.453
MinimumVisualStudioVersion = 10.0.40219.1
Project("{FAE04EC0-301F-11D3-BF4B-00C04F79EFBC}") = "TodoApi", "TodoApi\TodoApi.csproj", "{3219A17B-89A5-422C-8930-E976EE83D9A9}"
EndProject
Project("{FAE04EC0-301F-11D3-BF4B-00C04F79EFBC}") = "IssueClient", "IssueClient\IssueClient.csproj", "{4D4ED222-9541-4C21-BDA8-B59ABCBF95E8}"
EndProject
Global
	GlobalSection(SolutionConfigurationPlatforms) = preSolution
		Debug|Any CPU = Debug|Any CPU
		Release|Any CPU = Release|Any CPU
	EndGlobalSection
	GlobalSection(ProjectConfigurationPlatforms) = postSolution
		{3219A17B-89A5-422C-8930-E976EE83D9A9}.Debug|Any CPU.ActiveCfg = Debug|Any CPU
		{3219A17B-89A5-422C-8930-E976EE83D9A9}.Debug|Any CPU.Build.0 = Debug|Any CPU
		{3219A17B-89A5-422C-8930-E976EE83D9A9}.Release|Any CPU.ActiveCfg = Release|Any CPU
		{3219A17B-89A5-422C-8930-E976EE83D9A9}.Release|Any CPU.Build.0 = Release|Any CPU
		{4D4ED222-9541-4C21-BDA8-B59ABCBF95E8}.Debug|Any CPU.ActiveCfg = Debug|Any CPU
		{4D4ED222-9541-4C21-BDA8-B59ABCBF95E8}.Debug|Any CPU.Build.0 = Debug|Any CPU
		{4D4ED222-9541-4C21-BDA8-B59ABCBF95E8}.Release|Any CPU.ActiveCfg = Release|Any CPU
		{4D4ED222-9541-4C21-BDA8-B59ABCBF95E8}.Release|Any CPU.Build.0 = Release|Any CPU
	EndGlobalSection
	GlobalSection(SolutionProperties) = preSolution
		HideSolutionNode = FALSE
	EndGlobalSection
	GlobalSection(ExtensibilityGlobals) = postSolution
		SolutionGuid = {65F6E00D-0391-4E9E-97A6-A4EFF9B159D7}
	EndGlobalSection
EndGlobal
